
Microsoft Visual Studio Solution File, Format Version 12.00
# Visual Studio Version 17
VisualStudioVersion = 17.14.36811.4 d17.14
MinimumVisualStudioVersion = 10.0.40219.1
Project("{FAE04EC0-301F-11D3-BF4B-00C04F79EFBC}") = "sedikov", "sedikov\sedikov.csproj", "{98452D60-4586-4DA8-BB38-B0861B64DD3B}"
EndProject
Project("{FAE04EC0-301F-11D3-BF4B-00C04F79EFBC}") = "UnitTestProject", "UnitTestProject\UnitTestProject.csproj", "{0E8840C5-1A61-4B04-B334-38A8A910140D}"
EndProject
Global
	GlobalSection(SolutionConfigurationPlatforms) = preSolution
		Debug|Any CPU = Debug|Any CPU
		Release|Any CPU = Release|Any CPU
	EndGlobalSection
	GlobalSection(ProjectConfigurationPlatforms) = postSolution
		{98452D60-4586-4DA8-BB38-B0861B64DD3B}.Debug|Any CPU.ActiveCfg = Debug|Any CPU
		{98452D60-4586-4DA8-BB38-B0861B64DD3B}.Debug|Any CPU.Build.0 = Debug|Any CPU
		{98452D60-4586-4DA8-BB38-B0861B64DD3B}.Release|Any CPU.ActiveCfg = Release|Any CPU
		{98452D60-4586-4DA8-BB38-B0861B64DD3B}.Release|Any CPU.Build.0 = Release|Any CPU
		{0E8840C5-1A61-4B04-B334-38A8A910140D}.Debug|Any CPU.ActiveCfg = Debug|Any CPU
		{0E8840C5-1A61-4B04-B334-38A8A910140D}.Debug|Any CPU.Build.0 = Debug|Any CPU
		{0E8840C5-1A61-4B04-B334-38A8A910140D}.Release|Any CPU.ActiveCfg = Release|Any CPU
		{0E8840C5-1A61-4B04-B334-38A8A910140D}.Release|Any CPU.Build.0 = Release|Any CPU
	EndGlobalSection
	GlobalSection(SolutionProperties) = preSolution
		HideSolutionNode = FALSE
	EndGlobalSection
	GlobalSection(ExtensibilityGlobals) = postSolution
		SolutionGuid = {0452837B-D3AF-443A-8500-FE4190310026}
	EndGlobalSection
EndGlobal
